<?xml version="1.0" encoding="utf-8"?>
<Project ToolsVersion="4.0" xmlns="http://schemas.microsoft.com/developer/msbuild/2003">
  <ItemGroup>
    <Filter Include="Shaders">
      <UniqueIdentifier>{26e12ac5-e752-4732-8bee-02942641c717}</UniqueIdentifier>
    </Filter>
    <Filter Include="Shaders\Imgui">
      <UniqueIdentifier>{b0e90ca3-3568-40f1-89af-5fddbc0ff5ae}</UniqueIdentifier>
    </Filter>
    <Filter Include="ShadersReflection">
      <UniqueIdentifier>{9c35891d-80d9-4d51-a114-e29060a5f236}</UniqueIdentifier>
    </Filter>
    <Filter Include="ShadersReflection\Imgui">
      <UniqueIdentifier>{d9c18df2-570d-406e-a7d7-ccbc2d47a5d1}</UniqueIdentifier>
    </Filter>
    <Filter Include="Shaders\SignedDistanceField">
      <UniqueIdentifier>{74bfaf68-0af5-4ca8-8b33-68f613f23aa7}</UniqueIdentifier>
    </Filter>
    <Filter Include="Shaders\Volumetrics">
      <UniqueIdentifier>{d8e0b663-0066-4ec6-b8d5-0a1397d0e079}</UniqueIdentifier>
    </Filter>
    <Filter Include="Shaders\RayTracing">
      <UniqueIdentifier>{1afe40da-f993-472b-99ac-a8d73b1668c0}</UniqueIdentifier>
    </Filter>
    <Filter Include="Shaders\RayTracing\Debug">
      <UniqueIdentifier>{431beccd-4f26-42f4-b77b-e94c45e2326c}</UniqueIdentifier>
    </Filter>
    <Filter Include="ShadersReflection\RayTracing">
      <UniqueIdentifier>{bf249541-fb08-4ac3-b1a8-4116f8aaf4ee}</UniqueIdentifier>
    </Filter>
    <Filter Include="ShadersReflection\RayTracing\Debug">
      <UniqueIdentifier>{b7c676af-5e10-448c-b63b-7ebc5c0a0dfd}</UniqueIdentifier>
    </Filter>
  </ItemGroup>
  <ItemGroup>
    <FxCompile Include="Shaders\common.hlsl">
      <Filter>Shaders</Filter>
    </FxCompile>
    <FxCompile Include="Shaders\compositing.common.hlsl">
      <Filter>Shaders</Filter>
    </FxCompile>
    <FxCompile Include="Shaders\compositing.pixel.hlsl">
      <Filter>Shaders</Filter>
    </FxCompile>
    <FxCompile Include="Shaders\compositing.vertex.hlsl">
      <Filter>Shaders</Filter>
    </FxCompile>
    <FxCompile Include="Shaders\directlighting.common.hlsl">
      <Filter>Shaders</Filter>
    </FxCompile>
    <FxCompile Include="Shaders\directlighting.pixel.hlsl">
      <Filter>Shaders</Filter>
    </FxCompile>
    <FxCompile Include="Shaders\object.common.hlsl">
      <Filter>Shaders</Filter>
    </FxCompile>
    <FxCompile Include="Shaders\opaque.pixel.hlsl">
      <Filter>Shaders</Filter>
    </FxCompile>
    <FxCompile Include="Shaders\object.vertex.hlsl">
      <Filter>Shaders</Filter>
    </FxCompile>
    <FxCompile Include="Shaders\screen.common.hlsl">
      <Filter>Shaders</Filter>
    </FxCompile>
    <FxCompile Include="Shaders\screen.vertex.hlsl">
      <Filter>Shaders</Filter>
    </FxCompile>
    <FxCompile Include="Shaders\sampler.common.hlsl">
      <Filter>Shaders</Filter>
    </FxCompile>
    <FxCompile Include="Shaders\vertexcolor.common.hlsl">
      <Filter>Shaders</Filter>
    </FxCompile>
    <FxCompile Include="Shaders\vertexcolor.pixel.hlsl">
      <Filter>Shaders</Filter>
    </FxCompile>
    <FxCompile Include="Shaders\vertexcolor.vertex.hlsl">
      <Filter>Shaders</Filter>
    </FxCompile>
    <FxCompile Include="Shaders\functions.common.hlsl">
      <Filter>Shaders</Filter>
    </FxCompile>
    <FxCompile Include="Shaders\brdf.common.hlsl">
      <Filter>Shaders</Filter>
    </FxCompile>
    <FxCompile Include="Shaders\constants.common.hlsl">
      <Filter>Shaders</Filter>
    </FxCompile>
    <FxCompile Include="Shaders\defaultpostprocess.pixel.hlsl">
      <Filter>Shaders</Filter>
    </FxCompile>
    <FxCompile Include="Shaders\debugrender.pixel.hlsl">
      <Filter>Shaders</Filter>
    </FxCompile>
    <FxCompile Include="Shaders\raymarching_00.pixel.hlsl">
      <Filter>Shaders</Filter>
    </FxCompile>
    <FxCompile Include="Shaders\sampletexture.pixel.hlsl">
      <Filter>Shaders</Filter>
    </FxCompile>
    <FxCompile Include="Shaders\platform.common.hlsl">
      <Filter>Shaders</Filter>
    </FxCompile>
    <FxCompile Include="Shaders\dx12.common.hlsl">
      <Filter>Shaders</Filter>
    </FxCompile>
    <FxCompile Include="Shaders\vulkan.common.hlsl">
      <Filter>Shaders</Filter>
    </FxCompile>
    <FxCompile Include="Shaders\Imgui\imgui.vertex.hlsl">
      <Filter>Shaders\Imgui</Filter>
    </FxCompile>
    <FxCompile Include="Shaders\Imgui\imgui.pixel.hlsl">
      <Filter>Shaders\Imgui</Filter>
    </FxCompile>
    <FxCompile Include="Shaders\Imgui\imgui.common.hlsl">
      <Filter>Shaders\Imgui</Filter>
    </FxCompile>
    <FxCompile Include="Shaders\perview.common.hlsl">
      <Filter>Shaders</Filter>
    </FxCompile>
    <FxCompile Include="Shaders\tonemapping.compute.hlsl">
      <Filter>Shaders</Filter>
    </FxCompile>
    <FxCompile Include="object.mesh.hlsl">
      <Filter>Shaders</Filter>
    </FxCompile>
    <FxCompile Include="perinstance.common.hlsl">
      <Filter>Shaders</Filter>
    </FxCompile>
    <FxCompile Include="Shaders\fixedcolor.pixel.hlsl">
      <Filter>Shaders</Filter>
    </FxCompile>
    <FxCompile Include="Shaders\cube.vertex.hlsl">
      <Filter>Shaders</Filter>
    </FxCompile>
    <FxCompile Include="Shaders\cube.common.hlsl">
      <Filter>Shaders</Filter>
    </FxCompile>
    <FxCompile Include="Shaders\Volumetrics\volumetrics.common.hlsl">
      <Filter>Shaders\Volumetrics</Filter>
    </FxCompile>
    <FxCompile Include="Shaders\Volumetrics\atmosphere.pixel.hlsl">
      <Filter>Shaders\Volumetrics</Filter>
    </FxCompile>
    <FxCompile Include="Shaders\Volumetrics\volumetricclouds.compute.hlsl">
      <Filter>Shaders\Volumetrics</Filter>
    </FxCompile>
    <FxCompile Include="Shaders\Volumetrics\volumetrics.type.hlsl">
      <Filter>Shaders\Volumetrics</Filter>
    </FxCompile>
    <FxCompile Include="Shaders\RayTracing\Debug\debugraytracing.raygeneration.hlsl">
      <Filter>Shaders\RayTracing\Debug</Filter>
    </FxCompile>
    <FxCompile Include="Shaders\RayTracing\Debug\debugraytracing.common.hlsl">
      <Filter>Shaders\RayTracing\Debug</Filter>
    </FxCompile>
    <FxCompile Include="Shaders\RayTracing\Debug\debugraytracing.closesthit.hlsl">
      <Filter>Shaders\RayTracing\Debug</Filter>
    </FxCompile>
    <FxCompile Include="Shaders\RayTracing\Debug\debugraytracing.anyhit.hlsl">
      <Filter>Shaders\RayTracing\Debug</Filter>
    </FxCompile>
    <FxCompile Include="Shaders\RayTracing\Debug\debugraytracing.miss.hlsl">
      <Filter>Shaders\RayTracing\Debug</Filter>
    </FxCompile>
  </ItemGroup>
  <ItemGroup>
    <ClInclude Include="ShadersReflection\HLSLPerViewConstants.hpp">
      <Filter>ShadersReflection</Filter>
    </ClInclude>
    <ClInclude Include="ShadersReflection\HLSLReflection.hpp">
      <Filter>ShadersReflection</Filter>
    </ClInclude>
    <ClInclude Include="ShadersReflection\HLSLPerDrawConstants.hpp">
      <Filter>ShadersReflection</Filter>
    </ClInclude>
    <ClInclude Include="ShadersReflection\HLSLDirectLighting.hpp">
      <Filter>ShadersReflection</Filter>
    </ClInclude>
    <ClInclude Include="ShadersReflection\Imgui\HLSLImgui.hpp">
      <Filter>ShadersReflection\Imgui</Filter>
    </ClInclude>
    <ClInclude Include="ShadersReflection\HLSLVolumetricCloudsConstants.hpp">
      <Filter>ShadersReflection</Filter>
    </ClInclude>
    <ClInclude Include="ShadersReflection\HLSLPerInstanceInformation.hpp">
      <Filter>ShadersReflection</Filter>
    </ClInclude>
    <ClInclude Include="ShadersReflection\HLSLCubePerInstanceInformation.hpp">
      <Filter>ShadersReflection</Filter>
    </ClInclude>
    <ClInclude Include="ShadersReflection\HLSLAtmosphereConstants.hpp">
      <Filter>ShadersReflection</Filter>
    </ClInclude>
    <ClInclude Include="ShadersReflection\RayTracing\Debug\HLSLRayGenerationConstants.hpp">
      <Filter>ShadersReflection\RayTracing\Debug</Filter>
    </ClInclude>
  </ItemGroup>
</Project>