<?xml version="1.0" encoding="utf-8"?>
<Project ToolsVersion="4.0" xmlns="http://schemas.microsoft.com/developer/msbuild/2003">
  <ItemGroup>
    <Filter Include="Shaders">
      <UniqueIdentifier>{26e12ac5-e752-4732-8bee-02942641c717}</UniqueIdentifier>
    </Filter>
    <Filter Include="Shaders\Imgui">
      <UniqueIdentifier>{b0e90ca3-3568-40f1-89af-5fddbc0ff5ae}</UniqueIdentifier>
    </Filter>
    <Filter Include="ShadersReflection">
      <UniqueIdentifier>{9c35891d-80d9-4d51-a114-e29060a5f236}</UniqueIdentifier>
    </Filter>
    <Filter Include="ShadersReflection\Imgui">
      <UniqueIdentifier>{d9c18df2-570d-406e-a7d7-ccbc2d47a5d1}</UniqueIdentifier>
    </Filter>
    <Filter Include="Shaders\SignedDistanceField">
      <UniqueIdentifier>{74bfaf68-0af5-4ca8-8b33-68f613f23aa7}</UniqueIdentifier>
    </Filter>
    <Filter Include="Shaders\Volumetrics">
      <UniqueIdentifier>{d8e0b663-0066-4ec6-b8d5-0a1397d0e079}</UniqueIdentifier>
    </Filter>
  </ItemGroup>
  <ItemGroup>
    <FxCompile Include="Shaders\common.hlsl">
      <Filter>Shaders</Filter>
    </FxCompile>
    <FxCompile Include="Shaders\compositing.common.hlsl">
      <Filter>Shaders</Filter>
    </FxCompile>
    <FxCompile Include="Shaders\compositing.ps.hlsl">
      <Filter>Shaders</Filter>
    </FxCompile>
    <FxCompile Include="Shaders\compositing.vs.hlsl">
      <Filter>Shaders</Filter>
    </FxCompile>
    <FxCompile Include="Shaders\directlighting.common.hlsl">
      <Filter>Shaders</Filter>
    </FxCompile>
    <FxCompile Include="Shaders\directlighting.ps.hlsl">
      <Filter>Shaders</Filter>
    </FxCompile>
    <FxCompile Include="Shaders\object.common.hlsl">
      <Filter>Shaders</Filter>
    </FxCompile>
    <FxCompile Include="Shaders\opaque.ps.hlsl">
      <Filter>Shaders</Filter>
    </FxCompile>
    <FxCompile Include="Shaders\object.vs.hlsl">
      <Filter>Shaders</Filter>
    </FxCompile>
    <FxCompile Include="Shaders\screen.common.hlsl">
      <Filter>Shaders</Filter>
    </FxCompile>
    <FxCompile Include="Shaders\screen.vs.hlsl">
      <Filter>Shaders</Filter>
    </FxCompile>
    <FxCompile Include="Shaders\sampler.common.hlsl">
      <Filter>Shaders</Filter>
    </FxCompile>
    <FxCompile Include="Shaders\vertexcolor.common.hlsl">
      <Filter>Shaders</Filter>
    </FxCompile>
    <FxCompile Include="Shaders\vertexcolor.ps.hlsl">
      <Filter>Shaders</Filter>
    </FxCompile>
    <FxCompile Include="Shaders\vertexcolor.vs.hlsl">
      <Filter>Shaders</Filter>
    </FxCompile>
    <FxCompile Include="Shaders\functions.common.hlsl">
      <Filter>Shaders</Filter>
    </FxCompile>
    <FxCompile Include="Shaders\brdf.common.hlsl">
      <Filter>Shaders</Filter>
    </FxCompile>
    <FxCompile Include="Shaders\constants.common.hlsl">
      <Filter>Shaders</Filter>
    </FxCompile>
    <FxCompile Include="Shaders\defaultpostprocess.ps.hlsl">
      <Filter>Shaders</Filter>
    </FxCompile>
    <FxCompile Include="Shaders\debugrender.ps.hlsl">
      <Filter>Shaders</Filter>
    </FxCompile>
    <FxCompile Include="Shaders\raymarching_00.ps.hlsl">
      <Filter>Shaders</Filter>
    </FxCompile>
    <FxCompile Include="Shaders\sampletexture.ps.hlsl">
      <Filter>Shaders</Filter>
    </FxCompile>
    <FxCompile Include="Shaders\platform.common.hlsl">
      <Filter>Shaders</Filter>
    </FxCompile>
    <FxCompile Include="Shaders\dx12.common.hlsl">
      <Filter>Shaders</Filter>
    </FxCompile>
    <FxCompile Include="Shaders\vulkan.common.hlsl">
      <Filter>Shaders</Filter>
    </FxCompile>
    <FxCompile Include="Shaders\Imgui\imgui.vs.hlsl">
      <Filter>Shaders\Imgui</Filter>
    </FxCompile>
    <FxCompile Include="Shaders\Imgui\imgui.ps.hlsl">
      <Filter>Shaders\Imgui</Filter>
    </FxCompile>
    <FxCompile Include="Shaders\Imgui\imgui.common.hlsl">
      <Filter>Shaders\Imgui</Filter>
    </FxCompile>
    <FxCompile Include="Shaders\perview.common.hlsl">
      <Filter>Shaders</Filter>
    </FxCompile>
    <FxCompile Include="Shaders\tonemapping.cs.hlsl">
      <Filter>Shaders</Filter>
    </FxCompile>
    <FxCompile Include="Shaders\SignedDistanceField\sdfclassify.cs.hlsl">
      <Filter>Shaders\SignedDistanceField</Filter>
    </FxCompile>
    <FxCompile Include="object.ms.hlsl">
      <Filter>Shaders</Filter>
    </FxCompile>
    <FxCompile Include="perinstance.common.hlsl">
      <Filter>Shaders</Filter>
    </FxCompile>
    <FxCompile Include="Shaders\fixedcolor.ps.hlsl">
      <Filter>Shaders</Filter>
    </FxCompile>
    <FxCompile Include="Shaders\cube.vs.hlsl">
      <Filter>Shaders</Filter>
    </FxCompile>
    <FxCompile Include="Shaders\cube.common.hlsl">
      <Filter>Shaders</Filter>
    </FxCompile>
    <FxCompile Include="Shaders\Volumetrics\volumetrics.common.hlsl">
      <Filter>Shaders\Volumetrics</Filter>
    </FxCompile>
    <FxCompile Include="Shaders\Volumetrics\atmosphere.ps.hlsl">
      <Filter>Shaders\Volumetrics</Filter>
    </FxCompile>
    <FxCompile Include="Shaders\Volumetrics\volumetricclouds.cs.hlsl">
      <Filter>Shaders\Volumetrics</Filter>
    </FxCompile>
    <FxCompile Include="Shaders\Volumetrics\volumetrics.type.hlsl">
      <Filter>Shaders\Volumetrics</Filter>
    </FxCompile>
  </ItemGroup>
  <ItemGroup>
    <ClInclude Include="ShadersReflection\HLSLPerViewConstants.hpp">
      <Filter>ShadersReflection</Filter>
    </ClInclude>
    <ClInclude Include="ShadersReflection\HLSLReflection.hpp">
      <Filter>ShadersReflection</Filter>
    </ClInclude>
    <ClInclude Include="ShadersReflection\HLSLPerDrawConstants.hpp">
      <Filter>ShadersReflection</Filter>
    </ClInclude>
    <ClInclude Include="ShadersReflection\HLSLDirectLighting.hpp">
      <Filter>ShadersReflection</Filter>
    </ClInclude>
    <ClInclude Include="ShadersReflection\Imgui\HLSLImgui.hpp">
      <Filter>ShadersReflection\Imgui</Filter>
    </ClInclude>
    <ClInclude Include="ShadersReflection\HLSLVolumetricCloudsConstants.hpp">
      <Filter>ShadersReflection</Filter>
    </ClInclude>
    <ClInclude Include="ShadersReflection\HLSLPerInstanceInformation.hpp">
      <Filter>ShadersReflection</Filter>
    </ClInclude>
    <ClInclude Include="ShadersReflection\HLSLCubePerInstanceInformation.hpp">
      <Filter>ShadersReflection</Filter>
    </ClInclude>
    <ClInclude Include="ShadersReflection\HLSLAtmosphereConstants.hpp">
      <Filter>ShadersReflection</Filter>
    </ClInclude>
  </ItemGroup>
</Project>